// !$*UTF8*$!
{
	archiveVersion = 1;
	classes = {
	};
	objectVersion = 56;
	objects = {

/* Begin PBXBuildFile section */
		00B95B8F2A2775D3004721F4 /* MyDiaryApp.swift in Sources */ = {isa = PBXBuildFile; fileRef = 00B95B8E2A2775D3004721F4 /* MyDiaryApp.swift */; };
		00B95B932A2775D4004721F4 /* Assets.xcassets in Resources */ = {isa = PBXBuildFile; fileRef = 00B95B922A2775D4004721F4 /* Assets.xcassets */; };
		00B95B962A2775D4004721F4 /* Preview Assets.xcassets in Resources */ = {isa = PBXBuildFile; fileRef = 00B95B952A2775D4004721F4 /* Preview Assets.xcassets */; };
		00B95B9D2A2775E7004721F4 /* GamjaFlower-Regular.ttf in Resources */ = {isa = PBXBuildFile; fileRef = 00B95B9C2A2775E7004721F4 /* GamjaFlower-Regular.ttf */; };
		00B95BA42A277634004721F4 /* IndexView.swift in Sources */ = {isa = PBXBuildFile; fileRef = 00B95BA32A277634004721F4 /* IndexView.swift */; };
		00B95BA62A277656004721F4 /* LoginView.swift in Sources */ = {isa = PBXBuildFile; fileRef = 00B95BA52A277656004721F4 /* LoginView.swift */; };
		00B95BA82A277712004721F4 /* GoogleService-Info.plist in Resources */ = {isa = PBXBuildFile; fileRef = 00B95BA72A277711004721F4 /* GoogleService-Info.plist */; };
		00BFFE1D2A277C5500EA1E5B /* TabGesture.swift in Sources */ = {isa = PBXBuildFile; fileRef = 00BFFE1C2A277C5500EA1E5B /* TabGesture.swift */; };
		00BFFE1F2A277CC900EA1E5B /* RegisterView.swift in Sources */ = {isa = PBXBuildFile; fileRef = 00BFFE1E2A277CC900EA1E5B /* RegisterView.swift */; };
		00BFFE232A27820D00EA1E5B /* RegisterVM.swift in Sources */ = {isa = PBXBuildFile; fileRef = 00BFFE222A27820D00EA1E5B /* RegisterVM.swift */; };
		00BFFE252A27A16700EA1E5B /* MainView.swift in Sources */ = {isa = PBXBuildFile; fileRef = 00BFFE242A27A16700EA1E5B /* MainView.swift */; };
		00BFFE272A27B62900EA1E5B /* SideMenuView.swift in Sources */ = {isa = PBXBuildFile; fileRef = 00BFFE262A27B62900EA1E5B /* SideMenuView.swift */; };
		00BFFE292A27B7CD00EA1E5B /* SideMenuVM.swift in Sources */ = {isa = PBXBuildFile; fileRef = 00BFFE282A27B7CD00EA1E5B /* SideMenuVM.swift */; };
		00BFFE2B2A27CB3C00EA1E5B /* SideMenuOptionView.swift in Sources */ = {isa = PBXBuildFile; fileRef = 00BFFE2A2A27CB3C00EA1E5B /* SideMenuOptionView.swift */; };
		00BFFE2D2A27CBD700EA1E5B /* SettingView.swift in Sources */ = {isa = PBXBuildFile; fileRef = 00BFFE2C2A27CBD700EA1E5B /* SettingView.swift */; };
		00BFFE2F2A27CBE000EA1E5B /* AllDialyView.swift in Sources */ = {isa = PBXBuildFile; fileRef = 00BFFE2E2A27CBE000EA1E5B /* AllDialyView.swift */; };
		7799990B2A29C55700ECD533 /* testModel.swift in Sources */ = {isa = PBXBuildFile; fileRef = 7799990A2A29C55700ECD533 /* testModel.swift */; };
		E10B0D8238C1CD6C775D36BD /* libPods-MyDiary.a in Frameworks */ = {isa = PBXBuildFile; fileRef = BA8166458FDDD86CF9695A7E /* libPods-MyDiary.a */; };
/* End PBXBuildFile section */

/* Begin PBXFileReference section */
		00B95B8B2A2775D3004721F4 /* MyDiary.app */ = {isa = PBXFileReference; explicitFileType = wrapper.application; includeInIndex = 0; path = MyDiary.app; sourceTree = BUILT_PRODUCTS_DIR; };
		00B95B8E2A2775D3004721F4 /* MyDiaryApp.swift */ = {isa = PBXFileReference; lastKnownFileType = sourcecode.swift; path = MyDiaryApp.swift; sourceTree = "<group>"; };
		00B95B922A2775D4004721F4 /* Assets.xcassets */ = {isa = PBXFileReference; lastKnownFileType = folder.assetcatalog; path = Assets.xcassets; sourceTree = "<group>"; };
		00B95B952A2775D4004721F4 /* Preview Assets.xcassets */ = {isa = PBXFileReference; lastKnownFileType = folder.assetcatalog; path = "Preview Assets.xcassets"; sourceTree = "<group>"; };
		00B95B9C2A2775E7004721F4 /* GamjaFlower-Regular.ttf */ = {isa = PBXFileReference; lastKnownFileType = file; path = "GamjaFlower-Regular.ttf"; sourceTree = "<group>"; };
		00B95B9F2A277607004721F4 /* Info.plist */ = {isa = PBXFileReference; lastKnownFileType = text.plist; path = Info.plist; sourceTree = "<group>"; };
		00B95BA32A277634004721F4 /* IndexView.swift */ = {isa = PBXFileReference; lastKnownFileType = sourcecode.swift; path = IndexView.swift; sourceTree = "<group>"; };
		00B95BA52A277656004721F4 /* LoginView.swift */ = {isa = PBXFileReference; lastKnownFileType = sourcecode.swift; path = LoginView.swift; sourceTree = "<group>"; };
		00B95BA72A277711004721F4 /* GoogleService-Info.plist */ = {isa = PBXFileReference; fileEncoding = 4; lastKnownFileType = text.plist.xml; path = "GoogleService-Info.plist"; sourceTree = "<group>"; };
		00BFFE1C2A277C5500EA1E5B /* TabGesture.swift */ = {isa = PBXFileReference; lastKnownFileType = sourcecode.swift; path = TabGesture.swift; sourceTree = "<group>"; };
		00BFFE1E2A277CC900EA1E5B /* RegisterView.swift */ = {isa = PBXFileReference; lastKnownFileType = sourcecode.swift; path = RegisterView.swift; sourceTree = "<group>"; };
		00BFFE222A27820D00EA1E5B /* RegisterVM.swift */ = {isa = PBXFileReference; lastKnownFileType = sourcecode.swift; path = RegisterVM.swift; sourceTree = "<group>"; };
		00BFFE242A27A16700EA1E5B /* MainView.swift */ = {isa = PBXFileReference; lastKnownFileType = sourcecode.swift; path = MainView.swift; sourceTree = "<group>"; };
		00BFFE262A27B62900EA1E5B /* SideMenuView.swift */ = {isa = PBXFileReference; lastKnownFileType = sourcecode.swift; path = SideMenuView.swift; sourceTree = "<group>"; };
		00BFFE282A27B7CD00EA1E5B /* SideMenuVM.swift */ = {isa = PBXFileReference; lastKnownFileType = sourcecode.swift; path = SideMenuVM.swift; sourceTree = "<group>"; };
		00BFFE2A2A27CB3C00EA1E5B /* SideMenuOptionView.swift */ = {isa = PBXFileReference; lastKnownFileType = sourcecode.swift; path = SideMenuOptionView.swift; sourceTree = "<group>"; };
		00BFFE2C2A27CBD700EA1E5B /* SettingView.swift */ = {isa = PBXFileReference; lastKnownFileType = sourcecode.swift; path = SettingView.swift; sourceTree = "<group>"; };
		00BFFE2E2A27CBE000EA1E5B /* AllDialyView.swift */ = {isa = PBXFileReference; lastKnownFileType = sourcecode.swift; path = AllDialyView.swift; sourceTree = "<group>"; };
		50814B7B8CD2D21F669DB08D /* Pods-MyDiary.release.xcconfig */ = {isa = PBXFileReference; includeInIndex = 1; lastKnownFileType = text.xcconfig; name = "Pods-MyDiary.release.xcconfig"; path = "Target Support Files/Pods-MyDiary/Pods-MyDiary.release.xcconfig"; sourceTree = "<group>"; };
		7799990A2A29C55700ECD533 /* testModel.swift */ = {isa = PBXFileReference; lastKnownFileType = sourcecode.swift; path = testModel.swift; sourceTree = "<group>"; };
		8A93AD3C39039BE267448816 /* Pods-MyDiary.debug.xcconfig */ = {isa = PBXFileReference; includeInIndex = 1; lastKnownFileType = text.xcconfig; name = "Pods-MyDiary.debug.xcconfig"; path = "Target Support Files/Pods-MyDiary/Pods-MyDiary.debug.xcconfig"; sourceTree = "<group>"; };
		BA8166458FDDD86CF9695A7E /* libPods-MyDiary.a */ = {isa = PBXFileReference; explicitFileType = archive.ar; includeInIndex = 0; path = "libPods-MyDiary.a"; sourceTree = BUILT_PRODUCTS_DIR; };
/* End PBXFileReference section */

/* Begin PBXFrameworksBuildPhase section */
		00B95B882A2775D3004721F4 /* Frameworks */ = {
			isa = PBXFrameworksBuildPhase;
			buildActionMask = 2147483647;
			files = (
				E10B0D8238C1CD6C775D36BD /* libPods-MyDiary.a in Frameworks */,
			);
			runOnlyForDeploymentPostprocessing = 0;
		};
/* End PBXFrameworksBuildPhase section */

/* Begin PBXGroup section */
		00B95B822A2775D3004721F4 = {
			isa = PBXGroup;
			children = (
				00B95B8D2A2775D3004721F4 /* MyDiary */,
				00B95B8C2A2775D3004721F4 /* Products */,
				9444616717ECC4882328DB70 /* Pods */,
				E18E115D1EF12BD5A8F3259B /* Frameworks */,
			);
			sourceTree = "<group>";
		};
		00B95B8C2A2775D3004721F4 /* Products */ = {
			isa = PBXGroup;
			children = (
				00B95B8B2A2775D3004721F4 /* MyDiary.app */,
			);
			name = Products;
			sourceTree = "<group>";
		};
		00B95B8D2A2775D3004721F4 /* MyDiary */ = {
			isa = PBXGroup;
			children = (
				779999092A29C54900ECD533 /* Model */,
				00BFFE1B2A277C3400EA1E5B /* ETC */,
				00B95BA72A277711004721F4 /* GoogleService-Info.plist */,
				00B95BA12A277619004721F4 /* ViewModel */,
				00B95BA02A277617004721F4 /* View */,
				00B95B9F2A277607004721F4 /* Info.plist */,
				00B95B9E2A2775EA004721F4 /* Font */,
				00B95B8E2A2775D3004721F4 /* MyDiaryApp.swift */,
				00B95B922A2775D4004721F4 /* Assets.xcassets */,
				00B95B942A2775D4004721F4 /* Preview Content */,
			);
			path = MyDiary;
			sourceTree = "<group>";
		};
		00B95B942A2775D4004721F4 /* Preview Content */ = {
			isa = PBXGroup;
			children = (
				00B95B952A2775D4004721F4 /* Preview Assets.xcassets */,
			);
			path = "Preview Content";
			sourceTree = "<group>";
		};
		00B95B9E2A2775EA004721F4 /* Font */ = {
			isa = PBXGroup;
			children = (
				00B95B9C2A2775E7004721F4 /* GamjaFlower-Regular.ttf */,
			);
			path = Font;
			sourceTree = "<group>";
		};
		00B95BA02A277617004721F4 /* View */ = {
			isa = PBXGroup;
			children = (
				00B95BA32A277634004721F4 /* IndexView.swift */,
				00B95BA52A277656004721F4 /* LoginView.swift */,
				00BFFE1E2A277CC900EA1E5B /* RegisterView.swift */,
				00BFFE242A27A16700EA1E5B /* MainView.swift */,
				00BFFE262A27B62900EA1E5B /* SideMenuView.swift */,
				00BFFE2A2A27CB3C00EA1E5B /* SideMenuOptionView.swift */,
				00BFFE2C2A27CBD700EA1E5B /* SettingView.swift */,
				00BFFE2E2A27CBE000EA1E5B /* AllDialyView.swift */,
			);
			path = View;
			sourceTree = "<group>";
		};
		00B95BA12A277619004721F4 /* ViewModel */ = {
			isa = PBXGroup;
			children = (
				00BFFE222A27820D00EA1E5B /* RegisterVM.swift */,
				00BFFE282A27B7CD00EA1E5B /* SideMenuVM.swift */,
			);
			path = ViewModel;
			sourceTree = "<group>";
		};
		00BFFE1B2A277C3400EA1E5B /* ETC */ = {
			isa = PBXGroup;
			children = (
				00BFFE1C2A277C5500EA1E5B /* TabGesture.swift */,
			);
			path = ETC;
			sourceTree = "<group>";
		};
		779999092A29C54900ECD533 /* Model */ = {
			isa = PBXGroup;
			children = (
				7799990A2A29C55700ECD533 /* testModel.swift */,
			);
			path = Model;
			sourceTree = "<group>";
		};
		9444616717ECC4882328DB70 /* Pods */ = {
			isa = PBXGroup;
			children = (
				8A93AD3C39039BE267448816 /* Pods-MyDiary.debug.xcconfig */,
				50814B7B8CD2D21F669DB08D /* Pods-MyDiary.release.xcconfig */,
			);
			path = Pods;
			sourceTree = "<group>";
		};
		E18E115D1EF12BD5A8F3259B /* Frameworks */ = {
			isa = PBXGroup;
			children = (
				BA8166458FDDD86CF9695A7E /* libPods-MyDiary.a */,
			);
			name = Frameworks;
			sourceTree = "<group>";
		};
/* End PBXGroup section */

/* Begin PBXNativeTarget section */
		00B95B8A2A2775D3004721F4 /* MyDiary */ = {
			isa = PBXNativeTarget;
			buildConfigurationList = 00B95B992A2775D4004721F4 /* Build configuration list for PBXNativeTarget "MyDiary" */;
			buildPhases = (
				9B0863CACD5D244738D641B1 /* [CP] Check Pods Manifest.lock */,
				00B95B872A2775D3004721F4 /* Sources */,
				00B95B882A2775D3004721F4 /* Frameworks */,
				00B95B892A2775D3004721F4 /* Resources */,
				136DE3EC044F17F0E14ECF53 /* [CP] Copy Pods Resources */,
			);
			buildRules = (
			);
			dependencies = (
			);
			name = MyDiary;
			productName = MyDiary;
			productReference = 00B95B8B2A2775D3004721F4 /* MyDiary.app */;
			productType = "com.apple.product-type.application";
		};
/* End PBXNativeTarget section */

/* Begin PBXProject section */
		00B95B832A2775D3004721F4 /* Project object */ = {
			isa = PBXProject;
			attributes = {
				BuildIndependentTargetsInParallel = 1;
				LastSwiftUpdateCheck = 1430;
				LastUpgradeCheck = 1430;
				TargetAttributes = {
					00B95B8A2A2775D3004721F4 = {
						CreatedOnToolsVersion = 14.3;
					};
				};
			};
			buildConfigurationList = 00B95B862A2775D3004721F4 /* Build configuration list for PBXProject "MyDiary" */;
			compatibilityVersion = "Xcode 14.0";
			developmentRegion = en;
			hasScannedForEncodings = 0;
			knownRegions = (
				en,
				Base,
			);
			mainGroup = 00B95B822A2775D3004721F4;
			productRefGroup = 00B95B8C2A2775D3004721F4 /* Products */;
			projectDirPath = "";
			projectRoot = "";
			targets = (
				00B95B8A2A2775D3004721F4 /* MyDiary */,
			);
		};
/* End PBXProject section */

/* Begin PBXResourcesBuildPhase section */
		00B95B892A2775D3004721F4 /* Resources */ = {
			isa = PBXResourcesBuildPhase;
			buildActionMask = 2147483647;
			files = (
				00B95B9D2A2775E7004721F4 /* GamjaFlower-Regular.ttf in Resources */,
				00B95B962A2775D4004721F4 /* Preview Assets.xcassets in Resources */,
				00B95B932A2775D4004721F4 /* Assets.xcassets in Resources */,
				00B95BA82A277712004721F4 /* GoogleService-Info.plist in Resources */,
			);
			runOnlyForDeploymentPostprocessing = 0;
		};
/* End PBXResourcesBuildPhase section */

/* Begin PBXShellScriptBuildPhase section */
		136DE3EC044F17F0E14ECF53 /* [CP] Copy Pods Resources */ = {
			isa = PBXShellScriptBuildPhase;
			buildActionMask = 2147483647;
			files = (
			);
			inputFileListPaths = (
				"${PODS_ROOT}/Target Support Files/Pods-MyDiary/Pods-MyDiary-resources-${CONFIGURATION}-input-files.xcfilelist",
			);
			name = "[CP] Copy Pods Resources";
			outputFileListPaths = (
				"${PODS_ROOT}/Target Support Files/Pods-MyDiary/Pods-MyDiary-resources-${CONFIGURATION}-output-files.xcfilelist",
			);
			runOnlyForDeploymentPostprocessing = 0;
			shellPath = /bin/sh;
			shellScript = "\"${PODS_ROOT}/Target Support Files/Pods-MyDiary/Pods-MyDiary-resources.sh\"\n";
			showEnvVarsInLog = 0;
		};
		9B0863CACD5D244738D641B1 /* [CP] Check Pods Manifest.lock */ = {
			isa = PBXShellScriptBuildPhase;
			buildActionMask = 2147483647;
			files = (
			);
			inputFileListPaths = (
			);
			inputPaths = (
				"${PODS_PODFILE_DIR_PATH}/Podfile.lock",
				"${PODS_ROOT}/Manifest.lock",
			);
			name = "[CP] Check Pods Manifest.lock";
			outputFileListPaths = (
			);
			outputPaths = (
				"$(DERIVED_FILE_DIR)/Pods-MyDiary-checkManifestLockResult.txt",
			);
			runOnlyForDeploymentPostprocessing = 0;
			shellPath = /bin/sh;
			shellScript = "diff \"${PODS_PODFILE_DIR_PATH}/Podfile.lock\" \"${PODS_ROOT}/Manifest.lock\" > /dev/null\nif [ $? != 0 ] ; then\n    # print error to STDERR\n    echo \"error: The sandbox is not in sync with the Podfile.lock. Run 'pod install' or update your CocoaPods installation.\" >&2\n    exit 1\nfi\n# This output is used by Xcode 'outputs' to avoid re-running this script phase.\necho \"SUCCESS\" > \"${SCRIPT_OUTPUT_FILE_0}\"\n";
			showEnvVarsInLog = 0;
		};
/* End PBXShellScriptBuildPhase section */

/* Begin PBXSourcesBuildPhase section */
		00B95B872A2775D3004721F4 /* Sources */ = {
			isa = PBXSourcesBuildPhase;
			buildActionMask = 2147483647;
			files = (
				00BFFE2F2A27CBE000EA1E5B /* AllDialyView.swift in Sources */,
				00B95BA62A277656004721F4 /* LoginView.swift in Sources */,
				00BFFE252A27A16700EA1E5B /* MainView.swift in Sources */,
				00BFFE272A27B62900EA1E5B /* SideMenuView.swift in Sources */,
				7799990B2A29C55700ECD533 /* testModel.swift in Sources */,
				00BFFE2B2A27CB3C00EA1E5B /* SideMenuOptionView.swift in Sources */,
				00BFFE1F2A277CC900EA1E5B /* RegisterView.swift in Sources */,
				00BFFE1D2A277C5500EA1E5B /* TabGesture.swift in Sources */,
				00B95B8F2A2775D3004721F4 /* MyDiaryApp.swift in Sources */,
				00B95BA42A277634004721F4 /* IndexView.swift in Sources */,
				00BFFE292A27B7CD00EA1E5B /* SideMenuVM.swift in Sources */,
				00BFFE232A27820D00EA1E5B /* RegisterVM.swift in Sources */,
				00BFFE2D2A27CBD700EA1E5B /* SettingView.swift in Sources */,
			);
			runOnlyForDeploymentPostprocessing = 0;
		};
/* End PBXSourcesBuildPhase section */

/* Begin XCBuildConfiguration section */
		00B95B972A2775D4004721F4 /* Debug */ = {
			isa = XCBuildConfiguration;
			buildSettings = {
				ALWAYS_SEARCH_USER_PATHS = NO;
				CLANG_ANALYZER_NONNULL = YES;
				CLANG_ANALYZER_NUMBER_OBJECT_CONVERSION = YES_AGGRESSIVE;
				CLANG_CXX_LANGUAGE_STANDARD = "gnu++20";
				CLANG_ENABLE_MODULES = YES;
				CLANG_ENABLE_OBJC_ARC = YES;
				CLANG_ENABLE_OBJC_WEAK = YES;
				CLANG_WARN_BLOCK_CAPTURE_AUTORELEASING = YES;
				CLANG_WARN_BOOL_CONVERSION = YES;
				CLANG_WARN_COMMA = YES;
				CLANG_WARN_CONSTANT_CONVERSION = YES;
				CLANG_WARN_DEPRECATED_OBJC_IMPLEMENTATIONS = YES;
				CLANG_WARN_DIRECT_OBJC_ISA_USAGE = YES_ERROR;
				CLANG_WARN_DOCUMENTATION_COMMENTS = YES;
				CLANG_WARN_EMPTY_BODY = YES;
				CLANG_WARN_ENUM_CONVERSION = YES;
				CLANG_WARN_INFINITE_RECURSION = YES;
				CLANG_WARN_INT_CONVERSION = YES;
				CLANG_WARN_NON_LITERAL_NULL_CONVERSION = YES;
				CLANG_WARN_OBJC_IMPLICIT_RETAIN_SELF = YES;
				CLANG_WARN_OBJC_LITERAL_CONVERSION = YES;
				CLANG_WARN_OBJC_ROOT_CLASS = YES_ERROR;
				CLANG_WARN_QUOTED_INCLUDE_IN_FRAMEWORK_HEADER = YES;
				CLANG_WARN_RANGE_LOOP_ANALYSIS = YES;
				CLANG_WARN_STRICT_PROTOTYPES = YES;
				CLANG_WARN_SUSPICIOUS_MOVE = YES;
				CLANG_WARN_UNGUARDED_AVAILABILITY = YES_AGGRESSIVE;
				CLANG_WARN_UNREACHABLE_CODE = YES;
				CLANG_WARN__DUPLICATE_METHOD_MATCH = YES;
				COPY_PHASE_STRIP = NO;
				DEBUG_INFORMATION_FORMAT = dwarf;
				ENABLE_STRICT_OBJC_MSGSEND = YES;
				ENABLE_TESTABILITY = YES;
				GCC_C_LANGUAGE_STANDARD = gnu11;
				GCC_DYNAMIC_NO_PIC = NO;
				GCC_NO_COMMON_BLOCKS = YES;
				GCC_OPTIMIZATION_LEVEL = 0;
				GCC_PREPROCESSOR_DEFINITIONS = (
					"DEBUG=1",
					"$(inherited)",
				);
				GCC_WARN_64_TO_32_BIT_CONVERSION = YES;
				GCC_WARN_ABOUT_RETURN_TYPE = YES_ERROR;
				GCC_WARN_UNDECLARED_SELECTOR = YES;
				GCC_WARN_UNINITIALIZED_AUTOS = YES_AGGRESSIVE;
				GCC_WARN_UNUSED_FUNCTION = YES;
				GCC_WARN_UNUSED_VARIABLE = YES;
				IPHONEOS_DEPLOYMENT_TARGET = 16.4;
				MTL_ENABLE_DEBUG_INFO = INCLUDE_SOURCE;
				MTL_FAST_MATH = YES;
				ONLY_ACTIVE_ARCH = YES;
				SDKROOT = iphoneos;
				SWIFT_ACTIVE_COMPILATION_CONDITIONS = DEBUG;
				SWIFT_OPTIMIZATION_LEVEL = "-Onone";
			};
			name = Debug;
		};
		00B95B982A2775D4004721F4 /* Release */ = {
			isa = XCBuildConfiguration;
			buildSettings = {
				ALWAYS_SEARCH_USER_PATHS = NO;
				CLANG_ANALYZER_NONNULL = YES;
				CLANG_ANALYZER_NUMBER_OBJECT_CONVERSION = YES_AGGRESSIVE;
				CLANG_CXX_LANGUAGE_STANDARD = "gnu++20";
				CLANG_ENABLE_MODULES = YES;
				CLANG_ENABLE_OBJC_ARC = YES;
				CLANG_ENABLE_OBJC_WEAK = YES;
				CLANG_WARN_BLOCK_CAPTURE_AUTORELEASING = YES;
				CLANG_WARN_BOOL_CONVERSION = YES;
				CLANG_WARN_COMMA = YES;
				CLANG_WARN_CONSTANT_CONVERSION = YES;
				CLANG_WARN_DEPRECATED_OBJC_IMPLEMENTATIONS = YES;
				CLANG_WARN_DIRECT_OBJC_ISA_USAGE = YES_ERROR;
				CLANG_WARN_DOCUMENTATION_COMMENTS = YES;
				CLANG_WARN_EMPTY_BODY = YES;
				CLANG_WARN_ENUM_CONVERSION = YES;
				CLANG_WARN_INFINITE_RECURSION = YES;
				CLANG_WARN_INT_CONVERSION = YES;
				CLANG_WARN_NON_LITERAL_NULL_CONVERSION = YES;
				CLANG_WARN_OBJC_IMPLICIT_RETAIN_SELF = YES;
				CLANG_WARN_OBJC_LITERAL_CONVERSION = YES;
				CLANG_WARN_OBJC_ROOT_CLASS = YES_ERROR;
				CLANG_WARN_QUOTED_INCLUDE_IN_FRAMEWORK_HEADER = YES;
				CLANG_WARN_RANGE_LOOP_ANALYSIS = YES;
				CLANG_WARN_STRICT_PROTOTYPES = YES;
				CLANG_WARN_SUSPICIOUS_MOVE = YES;
				CLANG_WARN_UNGUARDED_AVAILABILITY = YES_AGGRESSIVE;
				CLANG_WARN_UNREACHABLE_CODE = YES;
				CLANG_WARN__DUPLICATE_METHOD_MATCH = YES;
				COPY_PHASE_STRIP = NO;
				DEBUG_INFORMATION_FORMAT = "dwarf-with-dsym";
				ENABLE_NS_ASSERTIONS = NO;
				ENABLE_STRICT_OBJC_MSGSEND = YES;
				GCC_C_LANGUAGE_STANDARD = gnu11;
				GCC_NO_COMMON_BLOCKS = YES;
				GCC_WARN_64_TO_32_BIT_CONVERSION = YES;
				GCC_WARN_ABOUT_RETURN_TYPE = YES_ERROR;
				GCC_WARN_UNDECLARED_SELECTOR = YES;
				GCC_WARN_UNINITIALIZED_AUTOS = YES_AGGRESSIVE;
				GCC_WARN_UNUSED_FUNCTION = YES;
				GCC_WARN_UNUSED_VARIABLE = YES;
				IPHONEOS_DEPLOYMENT_TARGET = 16.4;
				MTL_ENABLE_DEBUG_INFO = NO;
				MTL_FAST_MATH = YES;
				SDKROOT = iphoneos;
				SWIFT_COMPILATION_MODE = wholemodule;
				SWIFT_OPTIMIZATION_LEVEL = "-O";
				VALIDATE_PRODUCT = YES;
			};
			name = Release;
		};
		00B95B9A2A2775D4004721F4 /* Debug */ = {
			isa = XCBuildConfiguration;
			baseConfigurationReference = 8A93AD3C39039BE267448816 /* Pods-MyDiary.debug.xcconfig */;
			buildSettings = {
				ASSETCATALOG_COMPILER_APPICON_NAME = AppIcon;
				ASSETCATALOG_COMPILER_GLOBAL_ACCENT_COLOR_NAME = AccentColor;
				CODE_SIGN_STYLE = Automatic;
				CURRENT_PROJECT_VERSION = 1;
				DEVELOPMENT_ASSET_PATHS = "\"MyDiary/Preview Content\"";
				DEVELOPMENT_TEAM = 56F34CN49K;
				ENABLE_PREVIEWS = YES;
				GENERATE_INFOPLIST_FILE = YES;
				INFOPLIST_FILE = MyDiary/Info.plist;
				INFOPLIST_KEY_UIApplicationSceneManifest_Generation = YES;
				INFOPLIST_KEY_UIApplicationSupportsIndirectInputEvents = YES;
				INFOPLIST_KEY_UILaunchScreen_Generation = YES;
				INFOPLIST_KEY_UISupportedInterfaceOrientations_iPad = "UIInterfaceOrientationPortrait UIInterfaceOrientationPortraitUpsideDown UIInterfaceOrientationLandscapeLeft UIInterfaceOrientationLandscapeRight";
				INFOPLIST_KEY_UISupportedInterfaceOrientations_iPhone = "UIInterfaceOrientationPortrait UIInterfaceOrientationLandscapeLeft UIInterfaceOrientationLandscapeRight";
				LD_RUNPATH_SEARCH_PATHS = (
					"$(inherited)",
					"@executable_path/Frameworks",
				);
				MARKETING_VERSION = 1.0;
				PRODUCT_BUNDLE_IDENTIFIER = hyeon.MyDiary;
				PRODUCT_NAME = "$(TARGET_NAME)";
				SWIFT_EMIT_LOC_STRINGS = YES;
				SWIFT_VERSION = 5.0;
				TARGETED_DEVICE_FAMILY = "1,2";
			};
			name = Debug;
		};
		00B95B9B2A2775D4004721F4 /* Release */ = {
			isa = XCBuildConfiguration;
			baseConfigurationReference = 50814B7B8CD2D21F669DB08D /* Pods-MyDiary.release.xcconfig */;
			buildSettings = {
				ASSETCATALOG_COMPILER_APPICON_NAME = AppIcon;
				ASSETCATALOG_COMPILER_GLOBAL_ACCENT_COLOR_NAME = AccentColor;
				CODE_SIGN_STYLE = Automatic;
				CURRENT_PROJECT_VERSION = 1;
				DEVELOPMENT_ASSET_PATHS = "\"MyDiary/Preview Content\"";
				DEVELOPMENT_TEAM = 56F34CN49K;
				ENABLE_PREVIEWS = YES;
				GENERATE_INFOPLIST_FILE = YES;
				INFOPLIST_FILE = MyDiary/Info.plist;
				INFOPLIST_KEY_UIApplicationSceneManifest_Generation = YES;
				INFOPLIST_KEY_UIApplicationSupportsIndirectInputEvents = YES;
				INFOPLIST_KEY_UILaunchScreen_Generation = YES;
				INFOPLIST_KEY_UISupportedInterfaceOrientations_iPad = "UIInterfaceOrientationPortrait UIInterfaceOrientationPortraitUpsideDown UIInterfaceOrientationLandscapeLeft UIInterfaceOrientationLandscapeRight";
				INFOPLIST_KEY_UISupportedInterfaceOrientations_iPhone = "UIInterfaceOrientationPortrait UIInterfaceOrientationLandscapeLeft UIInterfaceOrientationLandscapeRight";
				LD_RUNPATH_SEARCH_PATHS = (
					"$(inherited)",
					"@executable_path/Frameworks",
				);
				MARKETING_VERSION = 1.0;
				PRODUCT_BUNDLE_IDENTIFIER = hyeon.MyDiary;
				PRODUCT_NAME = "$(TARGET_NAME)";
				SWIFT_EMIT_LOC_STRINGS = YES;
				SWIFT_VERSION = 5.0;
				TARGETED_DEVICE_FAMILY = "1,2";
			};
			name = Release;
		};
/* End XCBuildConfiguration section */

/* Begin XCConfigurationList section */
		00B95B862A2775D3004721F4 /* Build configuration list for PBXProject "MyDiary" */ = {
			isa = XCConfigurationList;
			buildConfigurations = (
				00B95B972A2775D4004721F4 /* Debug */,
				00B95B982A2775D4004721F4 /* Release */,
			);
			defaultConfigurationIsVisible = 0;
			defaultConfigurationName = Release;
		};
		00B95B992A2775D4004721F4 /* Build configuration list for PBXNativeTarget "MyDiary" */ = {
			isa = XCConfigurationList;
			buildConfigurations = (
				00B95B9A2A2775D4004721F4 /* Debug */,
				00B95B9B2A2775D4004721F4 /* Release */,
			);
			defaultConfigurationIsVisible = 0;
			defaultConfigurationName = Release;
		};
/* End XCConfigurationList section */
	};
	rootObject = 00B95B832A2775D3004721F4 /* Project object */;
}
